// !$*UTF8*$!
{
	archiveVersion = 1;
	classes = {
	};
	objectVersion = 46;
	objects = {

/* Begin PBXBuildFile section */
		41D94DB61B39A4FD0056F910 /* main.m in Sources */ = {isa = PBXBuildFile; fileRef = 41D94DB51B39A4FD0056F910 /* main.m */; };
		41D94DB91B39A4FD0056F910 /* AppDelegate.m in Sources */ = {isa = PBXBuildFile; fileRef = 41D94DB81B39A4FD0056F910 /* AppDelegate.m */; };
		41D94DBC1B39A4FD0056F910 /* MasterViewController.m in Sources */ = {isa = PBXBuildFile; fileRef = 41D94DBB1B39A4FD0056F910 /* MasterViewController.m */; };
		41D94DBF1B39A4FD0056F910 /* DetailViewController.m in Sources */ = {isa = PBXBuildFile; fileRef = 41D94DBE1B39A4FD0056F910 /* DetailViewController.m */; };
		41D94DC21B39A4FD0056F910 /* Main.storyboard in Resources */ = {isa = PBXBuildFile; fileRef = 41D94DC01B39A4FD0056F910 /* Main.storyboard */; };
		41D94DC41B39A4FD0056F910 /* Images.xcassets in Resources */ = {isa = PBXBuildFile; fileRef = 41D94DC31B39A4FD0056F910 /* Images.xcassets */; };
		41D94DC71B39A4FD0056F910 /* LaunchScreen.xib in Resources */ = {isa = PBXBuildFile; fileRef = 41D94DC51B39A4FD0056F910 /* LaunchScreen.xib */; };
		41D94DD31B39A4FD0056F910 /* VideoMeetupDemoTests.m in Sources */ = {isa = PBXBuildFile; fileRef = 41D94DD21B39A4FD0056F910 /* VideoMeetupDemoTests.m */; };
/* End PBXBuildFile section */

/* Begin PBXContainerItemProxy section */
		41D94DCD1B39A4FD0056F910 /* PBXContainerItemProxy */ = {
			isa = PBXContainerItemProxy;
			containerPortal = 41D94DA81B39A4FD0056F910 /* Project object */;
			proxyType = 1;
			remoteGlobalIDString = 41D94DAF1B39A4FD0056F910;
			remoteInfo = VideoMeetupDemo;
		};
/* End PBXContainerItemProxy section */

/* Begin PBXFileReference section */
		41D94DB01B39A4FD0056F910 /* VideoMeetupDemo.app */ = {isa = PBXFileReference; explicitFileType = wrapper.application; includeInIndex = 0; path = VideoMeetupDemo.app; sourceTree = BUILT_PRODUCTS_DIR; };
		41D94DB41B39A4FD0056F910 /* Info.plist */ = {isa = PBXFileReference; lastKnownFileType = text.plist.xml; path = Info.plist; sourceTree = "<group>"; };
		41D94DB51B39A4FD0056F910 /* main.m */ = {isa = PBXFileReference; lastKnownFileType = sourcecode.c.objc; path = main.m; sourceTree = "<group>"; };
		41D94DB71B39A4FD0056F910 /* AppDelegate.h */ = {isa = PBXFileReference; lastKnownFileType = sourcecode.c.h; path = AppDelegate.h; sourceTree = "<group>"; };
		41D94DB81B39A4FD0056F910 /* AppDelegate.m */ = {isa = PBXFileReference; lastKnownFileType = sourcecode.c.objc; path = AppDelegate.m; sourceTree = "<group>"; };
		41D94DBA1B39A4FD0056F910 /* MasterViewController.h */ = {isa = PBXFileReference; lastKnownFileType = sourcecode.c.h; path = MasterViewController.h; sourceTree = "<group>"; };
		41D94DBB1B39A4FD0056F910 /* MasterViewController.m */ = {isa = PBXFileReference; lastKnownFileType = sourcecode.c.objc; path = MasterViewController.m; sourceTree = "<group>"; };
		41D94DBD1B39A4FD0056F910 /* DetailViewController.h */ = {isa = PBXFileReference; lastKnownFileType = sourcecode.c.h; path = DetailViewController.h; sourceTree = "<group>"; };
		41D94DBE1B39A4FD0056F910 /* DetailViewController.m */ = {isa = PBXFileReference; lastKnownFileType = sourcecode.c.objc; path = DetailViewController.m; sourceTree = "<group>"; };
		41D94DC11B39A4FD0056F910 /* Base */ = {isa = PBXFileReference; lastKnownFileType = file.storyboard; name = Base; path = Base.lproj/Main.storyboard; sourceTree = "<group>"; };
		41D94DC31B39A4FD0056F910 /* Images.xcassets */ = {isa = PBXFileReference; lastKnownFileType = folder.assetcatalog; path = Images.xcassets; sourceTree = "<group>"; };
		41D94DC61B39A4FD0056F910 /* Base */ = {isa = PBXFileReference; lastKnownFileType = file.xib; name = Base; path = Base.lproj/LaunchScreen.xib; sourceTree = "<group>"; };
		41D94DCC1B39A4FD0056F910 /* VideoMeetupDemoTests.xctest */ = {isa = PBXFileReference; explicitFileType = wrapper.cfbundle; includeInIndex = 0; path = VideoMeetupDemoTests.xctest; sourceTree = BUILT_PRODUCTS_DIR; };
		41D94DD11B39A4FD0056F910 /* Info.plist */ = {isa = PBXFileReference; lastKnownFileType = text.plist.xml; path = Info.plist; sourceTree = "<group>"; };
		41D94DD21B39A4FD0056F910 /* VideoMeetupDemoTests.m */ = {isa = PBXFileReference; lastKnownFileType = sourcecode.c.objc; path = VideoMeetupDemoTests.m; sourceTree = "<group>"; };
/* End PBXFileReference section */

/* Begin PBXFrameworksBuildPhase section */
		41D94DAD1B39A4FD0056F910 /* Frameworks */ = {
			isa = PBXFrameworksBuildPhase;
			buildActionMask = 2147483647;
			files = (
			);
			runOnlyForDeploymentPostprocessing = 0;
		};
		41D94DC91B39A4FD0056F910 /* Frameworks */ = {
			isa = PBXFrameworksBuildPhase;
			buildActionMask = 2147483647;
			files = (
			);
			runOnlyForDeploymentPostprocessing = 0;
		};
/* End PBXFrameworksBuildPhase section */

/* Begin PBXGroup section */
		41D94DA71B39A4FD0056F910 = {
			isa = PBXGroup;
			children = (
				41D94DB21B39A4FD0056F910 /* VideoMeetupDemo */,
				41D94DCF1B39A4FD0056F910 /* VideoMeetupDemoTests */,
				41D94DB11B39A4FD0056F910 /* Products */,
			);
			sourceTree = "<group>";
		};
		41D94DB11B39A4FD0056F910 /* Products */ = {
			isa = PBXGroup;
			children = (
				41D94DB01B39A4FD0056F910 /* VideoMeetupDemo.app */,
				41D94DCC1B39A4FD0056F910 /* VideoMeetupDemoTests.xctest */,
			);
			name = Products;
			sourceTree = "<group>";
		};
		41D94DB21B39A4FD0056F910 /* VideoMeetupDemo */ = {
			isa = PBXGroup;
			children = (
				41D94DB71B39A4FD0056F910 /* AppDelegate.h */,
				41D94DB81B39A4FD0056F910 /* AppDelegate.m */,
				41D94DBA1B39A4FD0056F910 /* MasterViewController.h */,
				41D94DBB1B39A4FD0056F910 /* MasterViewController.m */,
				41D94DBD1B39A4FD0056F910 /* DetailViewController.h */,
				41D94DBE1B39A4FD0056F910 /* DetailViewController.m */,
				41D94DC01B39A4FD0056F910 /* Main.storyboard */,
				41D94DC31B39A4FD0056F910 /* Images.xcassets */,
				41D94DC51B39A4FD0056F910 /* LaunchScreen.xib */,
				41D94DB31B39A4FD0056F910 /* Supporting Files */,
			);
			path = VideoMeetupDemo;
			sourceTree = "<group>";
		};
		41D94DB31B39A4FD0056F910 /* Supporting Files */ = {
			isa = PBXGroup;
			children = (
				41D94DB41B39A4FD0056F910 /* Info.plist */,
				41D94DB51B39A4FD0056F910 /* main.m */,
			);
			name = "Supporting Files";
			sourceTree = "<group>";
		};
		41D94DCF1B39A4FD0056F910 /* VideoMeetupDemoTests */ = {
			isa = PBXGroup;
			children = (
				41D94DD21B39A4FD0056F910 /* VideoMeetupDemoTests.m */,
				41D94DD01B39A4FD0056F910 /* Supporting Files */,
			);
			path = VideoMeetupDemoTests;
			sourceTree = "<group>";
		};
		41D94DD01B39A4FD0056F910 /* Supporting Files */ = {
			isa = PBXGroup;
			children = (
				41D94DD11B39A4FD0056F910 /* Info.plist */,
			);
			name = "Supporting Files";
			sourceTree = "<group>";
		};
/* End PBXGroup section */

/* Begin PBXNativeTarget section */
		41D94DAF1B39A4FD0056F910 /* VideoMeetupDemo */ = {
			isa = PBXNativeTarget;
			buildConfigurationList = 41D94DD61B39A4FD0056F910 /* Build configuration list for PBXNativeTarget "VideoMeetupDemo" */;
			buildPhases = (
				41D94DAC1B39A4FD0056F910 /* Sources */,
				41D94DAD1B39A4FD0056F910 /* Frameworks */,
				41D94DAE1B39A4FD0056F910 /* Resources */,
			);
			buildRules = (
			);
			dependencies = (
			);
			name = VideoMeetupDemo;
			productName = VideoMeetupDemo;
			productReference = 41D94DB01B39A4FD0056F910 /* VideoMeetupDemo.app */;
			productType = "com.apple.product-type.application";
		};
		41D94DCB1B39A4FD0056F910 /* VideoMeetupDemoTests */ = {
			isa = PBXNativeTarget;
			buildConfigurationList = 41D94DD91B39A4FD0056F910 /* Build configuration list for PBXNativeTarget "VideoMeetupDemoTests" */;
			buildPhases = (
				41D94DC81B39A4FD0056F910 /* Sources */,
				41D94DC91B39A4FD0056F910 /* Frameworks */,
				41D94DCA1B39A4FD0056F910 /* Resources */,
			);
			buildRules = (
			);
			dependencies = (
				41D94DCE1B39A4FD0056F910 /* PBXTargetDependency */,
			);
			name = VideoMeetupDemoTests;
			productName = VideoMeetupDemoTests;
			productReference = 41D94DCC1B39A4FD0056F910 /* VideoMeetupDemoTests.xctest */;
			productType = "com.apple.product-type.bundle.unit-test";
		};
/* End PBXNativeTarget section */

/* Begin PBXProject section */
		41D94DA81B39A4FD0056F910 /* Project object */ = {
			isa = PBXProject;
			attributes = {
				LastUpgradeCheck = 0630;
				ORGANIZATIONNAME = "Barry Ezell";
				TargetAttributes = {
					41D94DAF1B39A4FD0056F910 = {
						CreatedOnToolsVersion = 6.3.2;
					};
					41D94DCB1B39A4FD0056F910 = {
						CreatedOnToolsVersion = 6.3.2;
						TestTargetID = 41D94DAF1B39A4FD0056F910;
					};
				};
			};
			buildConfigurationList = 41D94DAB1B39A4FD0056F910 /* Build configuration list for PBXProject "VideoMeetupDemo" */;
			compatibilityVersion = "Xcode 3.2";
			developmentRegion = English;
			hasScannedForEncodings = 0;
			knownRegions = (
				en,
				Base,
			);
			mainGroup = 41D94DA71B39A4FD0056F910;
			productRefGroup = 41D94DB11B39A4FD0056F910 /* Products */;
			projectDirPath = "";
			projectRoot = "";
			targets = (
				41D94DAF1B39A4FD0056F910 /* VideoMeetupDemo */,
				41D94DCB1B39A4FD0056F910 /* VideoMeetupDemoTests */,
			);
		};
/* End PBXProject section */

/* Begin PBXResourcesBuildPhase section */
		41D94DAE1B39A4FD0056F910 /* Resources */ = {
			isa = PBXResourcesBuildPhase;
			buildActionMask = 2147483647;
			files = (
				41D94DC21B39A4FD0056F910 /* Main.storyboard in Resources */,
				41D94DC71B39A4FD0056F910 /* LaunchScreen.xib in Resources */,
				41D94DC41B39A4FD0056F910 /* Images.xcassets in Resources */,
			);
			runOnlyForDeploymentPostprocessing = 0;
		};
		41D94DCA1B39A4FD0056F910 /* Resources */ = {
			isa = PBXResourcesBuildPhase;
			buildActionMask = 2147483647;
			files = (
			);
			runOnlyForDeploymentPostprocessing = 0;
		};
/* End PBXResourcesBuildPhase section */

/* Begin PBXSourcesBuildPhase section */
		41D94DAC1B39A4FD0056F910 /* Sources */ = {
			isa = PBXSourcesBuildPhase;
			buildActionMask = 2147483647;
			files = (
				41D94DB91B39A4FD0056F910 /* AppDelegate.m in Sources */,
				41D94DBC1B39A4FD0056F910 /* MasterViewController.m in Sources */,
				41D94DB61B39A4FD0056F910 /* main.m in Sources */,
				41D94DBF1B39A4FD0056F910 /* DetailViewController.m in Sources */,
			);
			runOnlyForDeploymentPostprocessing = 0;
		};
		41D94DC81B39A4FD0056F910 /* Sources */ = {
			isa = PBXSourcesBuildPhase;
			buildActionMask = 2147483647;
			files = (
				41D94DD31B39A4FD0056F910 /* VideoMeetupDemoTests.m in Sources */,
			);
			runOnlyForDeploymentPostprocessing = 0;
		};
/* End PBXSourcesBuildPhase section */

/* Begin PBXTargetDependency section */
		41D94DCE1B39A4FD0056F910 /* PBXTargetDependency */ = {
			isa = PBXTargetDependency;
			target = 41D94DAF1B39A4FD0056F910 /* VideoMeetupDemo */;
			targetProxy = 41D94DCD1B39A4FD0056F910 /* PBXContainerItemProxy */;
		};
/* End PBXTargetDependency section */

/* Begin PBXVariantGroup section */
		41D94DC01B39A4FD0056F910 /* Main.storyboard */ = {
			isa = PBXVariantGroup;
			children = (
				41D94DC11B39A4FD0056F910 /* Base */,
			);
			name = Main.storyboard;
			sourceTree = "<group>";
		};
		41D94DC51B39A4FD0056F910 /* LaunchScreen.xib */ = {
			isa = PBXVariantGroup;
			children = (
				41D94DC61B39A4FD0056F910 /* Base */,
			);
			name = LaunchScreen.xib;
			sourceTree = "<group>";
		};
/* End PBXVariantGroup section */

/* Begin XCBuildConfiguration section */
		41D94DD41B39A4FD0056F910 /* Debug */ = {
			isa = XCBuildConfiguration;
			buildSettings = {
				ALWAYS_SEARCH_USER_PATHS = NO;
				CLANG_CXX_LANGUAGE_STANDARD = "gnu++0x";
				CLANG_CXX_LIBRARY = "libc++";
				CLANG_ENABLE_MODULES = YES;
				CLANG_ENABLE_OBJC_ARC = YES;
				CLANG_WARN_BOOL_CONVERSION = YES;
				CLANG_WARN_CONSTANT_CONVERSION = YES;
				CLANG_WARN_DIRECT_OBJC_ISA_USAGE = YES_ERROR;
				CLANG_WARN_EMPTY_BODY = YES;
				CLANG_WARN_ENUM_CONVERSION = YES;
				CLANG_WARN_INT_CONVERSION = YES;
				CLANG_WARN_OBJC_ROOT_CLASS = YES_ERROR;
				CLANG_WARN_UNREACHABLE_CODE = YES;
				CLANG_WARN__DUPLICATE_METHOD_MATCH = YES;
				"CODE_SIGN_IDENTITY[sdk=iphoneos*]" = "iPhone Developer";
				COPY_PHASE_STRIP = NO;
				DEBUG_INFORMATION_FORMAT = "dwarf-with-dsym";
				ENABLE_STRICT_OBJC_MSGSEND = YES;
				GCC_C_LANGUAGE_STANDARD = gnu99;
				GCC_DYNAMIC_NO_PIC = NO;
				GCC_NO_COMMON_BLOCKS = YES;
				GCC_OPTIMIZATION_LEVEL = 0;
				GCC_PREPROCESSOR_DEFINITIONS = (
					"DEBUG=1",
					"$(inherited)",
				);
				GCC_SYMBOLS_PRIVATE_EXTERN = NO;
				GCC_WARN_64_TO_32_BIT_CONVERSION = YES;
				GCC_WARN_ABOUT_RETURN_TYPE = YES_ERROR;
				GCC_WARN_UNDECLARED_SELECTOR = YES;
				GCC_WARN_UNINITIALIZED_AUTOS = YES_AGGRESSIVE;
				GCC_WARN_UNUSED_FUNCTION = YES;
				GCC_WARN_UNUSED_VARIABLE = YES;
				IPHONEOS_DEPLOYMENT_TARGET = 8.3;
				MTL_ENABLE_DEBUG_INFO = YES;
				ONLY_ACTIVE_ARCH = YES;
				SDKROOT = iphoneos;
			};
			name = Debug;
		};
		41D94DD51B39A4FD0056F910 /* Release */ = {
			isa = XCBuildConfiguration;
			buildSettings = {
				ALWAYS_SEARCH_USER_PATHS = NO;
				CLANG_CXX_LANGUAGE_STANDARD = "gnu++0x";
				CLANG_CXX_LIBRARY = "libc++";
				CLANG_ENABLE_MODULES = YES;
				CLANG_ENABLE_OBJC_ARC = YES;
				CLANG_WARN_BOOL_CONVERSION = YES;
				CLANG_WARN_CONSTANT_CONVERSION = YES;
				CLANG_WARN_DIRECT_OBJC_ISA_USAGE = YES_ERROR;
				CLANG_WARN_EMPTY_BODY = YES;
				CLANG_WARN_ENUM_CONVERSION = YES;
				CLANG_WARN_INT_CONVERSION = YES;
				CLANG_WARN_OBJC_ROOT_CLASS = YES_ERROR;
				CLANG_WARN_UNREACHABLE_CODE = YES;
				CLANG_WARN__DUPLICATE_METHOD_MATCH = YES;
				"CODE_SIGN_IDENTITY[sdk=iphoneos*]" = "iPhone Developer";
				COPY_PHASE_STRIP = NO;
				DEBUG_INFORMATION_FORMAT = "dwarf-with-dsym";
				ENABLE_NS_ASSERTIONS = NO;
				ENABLE_STRICT_OBJC_MSGSEND = YES;
				GCC_C_LANGUAGE_STANDARD = gnu99;
				GCC_NO_COMMON_BLOCKS = YES;
				GCC_WARN_64_TO_32_BIT_CONVERSION = YES;
				GCC_WARN_ABOUT_RETURN_TYPE = YES_ERROR;
				GCC_WARN_UNDECLARED_SELECTOR = YES;
				GCC_WARN_UNINITIALIZED_AUTOS = YES_AGGRESSIVE;
				GCC_WARN_UNUSED_FUNCTION = YES;
				GCC_WARN_UNUSED_VARIABLE = YES;
				IPHONEOS_DEPLOYMENT_TARGET = 8.3;
				MTL_ENABLE_DEBUG_INFO = NO;
				SDKROOT = iphoneos;
				VALIDATE_PRODUCT = YES;
			};
			name = Release;
		};
		41D94DD71B39A4FD0056F910 /* Debug */ = {
			isa = XCBuildConfiguration;
			buildSettings = {
				ASSETCATALOG_COMPILER_APPICON_NAME = AppIcon;
				INFOPLIST_FILE = VideoMeetupDemo/Info.plist;
				LD_RUNPATH_SEARCH_PATHS = "$(inherited) @executable_path/Frameworks";
				PRODUCT_NAME = "$(TARGET_NAME)";
			};
			name = Debug;
		};
		41D94DD81B39A4FD0056F910 /* Release */ = {
			isa = XCBuildConfiguration;
			buildSettings = {
				ASSETCATALOG_COMPILER_APPICON_NAME = AppIcon;
				INFOPLIST_FILE = VideoMeetupDemo/Info.plist;
				LD_RUNPATH_SEARCH_PATHS = "$(inherited) @executable_path/Frameworks";
				PRODUCT_NAME = "$(TARGET_NAME)";
			};
			name = Release;
		};
		41D94DDA1B39A4FD0056F910 /* Debug */ = {
			isa = XCBuildConfiguration;
			buildSettings = {
				BUNDLE_LOADER = "$(TEST_HOST)";
				FRAMEWORK_SEARCH_PATHS = (
					"$(SDKROOT)/Developer/Library/Frameworks",
					"$(inherited)",
				);
				GCC_PREPROCESSOR_DEFINITIONS = (
					"DEBUG=1",
					"$(inherited)",
				);
				INFOPLIST_FILE = VideoMeetupDemoTests/Info.plist;
				LD_RUNPATH_SEARCH_PATHS = "$(inherited) @executable_path/Frameworks @loader_path/Frameworks";
				PRODUCT_NAME = "$(TARGET_NAME)";
				TEST_HOST = "$(BUILT_PRODUCTS_DIR)/VideoMeetupDemo.app/VideoMeetupDemo";
			};
			name = Debug;
		};
		41D94DDB1B39A4FD0056F910 /* Release */ = {
			isa = XCBuildConfiguration;
			buildSettings = {
				BUNDLE_LOADER = "$(TEST_HOST)";
				FRAMEWORK_SEARCH_PATHS = (
					"$(SDKROOT)/Developer/Library/Frameworks",
					"$(inherited)",
				);
				INFOPLIST_FILE = VideoMeetupDemoTests/Info.plist;
				LD_RUNPATH_SEARCH_PATHS = "$(inherited) @executable_path/Frameworks @loader_path/Frameworks";
				PRODUCT_NAME = "$(TARGET_NAME)";
				TEST_HOST = "$(BUILT_PRODUCTS_DIR)/VideoMeetupDemo.app/VideoMeetupDemo";
			};
			name = Release;
		};
/* End XCBuildConfiguration section */

/* Begin XCConfigurationList section */
		41D94DAB1B39A4FD0056F910 /* Build configuration list for PBXProject "VideoMeetupDemo" */ = {
			isa = XCConfigurationList;
			buildConfigurations = (
				41D94DD41B39A4FD0056F910 /* Debug */,
				41D94DD51B39A4FD0056F910 /* Release */,
			);
			defaultConfigurationIsVisible = 0;
			defaultConfigurationName = Release;
		};
		41D94DD61B39A4FD0056F910 /* Build configuration list for PBXNativeTarget "VideoMeetupDemo" */ = {
			isa = XCConfigurationList;
			buildConfigurations = (
				41D94DD71B39A4FD0056F910 /* Debug */,
				41D94DD81B39A4FD0056F910 /* Release */,
			);
			defaultConfigurationIsVisible = 0;
		};
		41D94DD91B39A4FD0056F910 /* Build configuration list for PBXNativeTarget "VideoMeetupDemoTests" */ = {
			isa = XCConfigurationList;
			buildConfigurations = (
				41D94DDA1B39A4FD0056F910 /* Debug */,
				41D94DDB1B39A4FD0056F910 /* Release */,
			);
			defaultConfigurationIsVisible = 0;
		};
/* End XCConfigurationList section */
	};
	rootObject = 41D94DA81B39A4FD0056F910 /* Project object */;
}
